// !$*UTF8*$!
{
	archiveVersion = 1;
	classes = {
	};
	objectVersion = 55;
	objects = {

/* Begin PBXBuildFile section */
		432B893673E8D20359C93075 /* Pods_AnimalKingdom.framework in Frameworks */ = {isa = PBXBuildFile; fileRef = 8B6D9EEE270E0EDB9356CD91 /* Pods_AnimalKingdom.framework */; };
		6D19D3DE28074A9700FA1799 /* AnimalKingdomApp.swift in Sources */ = {isa = PBXBuildFile; fileRef = 6D19D3DD28074A9700FA1799 /* AnimalKingdomApp.swift */; };
		6D19D3E028074A9700FA1799 /* ContentView.swift in Sources */ = {isa = PBXBuildFile; fileRef = 6D19D3DF28074A9700FA1799 /* ContentView.swift */; };
		6D19D3E228074A9A00FA1799 /* Assets.xcassets in Resources */ = {isa = PBXBuildFile; fileRef = 6D19D3E128074A9A00FA1799 /* Assets.xcassets */; };
		6D19D3E528074A9A00FA1799 /* Preview Assets.xcassets in Resources */ = {isa = PBXBuildFile; fileRef = 6D19D3E428074A9A00FA1799 /* Preview Assets.xcassets */; };
		6D19D3F828074DFC00FA1799 /* Animal.swift in Sources */ = {isa = PBXBuildFile; fileRef = 6D19D3EC28074DF900FA1799 /* Animal.swift */; };
		6D19D3F928074DFC00FA1799 /* AnimalListViewModel.swift in Sources */ = {isa = PBXBuildFile; fileRef = 6D19D3EE28074DFA00FA1799 /* AnimalListViewModel.swift */; };
		6D19D3FA28074DFC00FA1799 /* AnimalCellViewModel.swift in Sources */ = {isa = PBXBuildFile; fileRef = 6D19D3EF28074DFA00FA1799 /* AnimalCellViewModel.swift */; };
		6D19D3FB28074DFC00FA1799 /* AnimalRepo.swift in Sources */ = {isa = PBXBuildFile; fileRef = 6D19D3F128074DFB00FA1799 /* AnimalRepo.swift */; };
		6D19D3FC28074DFC00FA1799 /* AnimalsList.swift in Sources */ = {isa = PBXBuildFile; fileRef = 6D19D3F328074DFC00FA1799 /* AnimalsList.swift */; };
		6D19D3FD28074DFC00FA1799 /* Home.swift in Sources */ = {isa = PBXBuildFile; fileRef = 6D19D3F428074DFC00FA1799 /* Home.swift */; };
		6D19D40028074DFC00FA1799 /* AnimalDetail.swift in Sources */ = {isa = PBXBuildFile; fileRef = 6D19D3F728074DFC00FA1799 /* AnimalDetail.swift */; };
		6D19D40228074E8A00FA1799 /* GoogleService-Info.plist in Resources */ = {isa = PBXBuildFile; fileRef = 6D19D40128074E8A00FA1799 /* GoogleService-Info.plist */; };
/* End PBXBuildFile section */

/* Begin PBXFileReference section */
		6D19D3DA28074A9700FA1799 /* AnimalKingdom.app */ = {isa = PBXFileReference; explicitFileType = wrapper.application; includeInIndex = 0; path = AnimalKingdom.app; sourceTree = BUILT_PRODUCTS_DIR; };
		6D19D3DD28074A9700FA1799 /* AnimalKingdomApp.swift */ = {isa = PBXFileReference; lastKnownFileType = sourcecode.swift; path = AnimalKingdomApp.swift; sourceTree = "<group>"; };
		6D19D3DF28074A9700FA1799 /* ContentView.swift */ = {isa = PBXFileReference; lastKnownFileType = sourcecode.swift; path = ContentView.swift; sourceTree = "<group>"; };
		6D19D3E128074A9A00FA1799 /* Assets.xcassets */ = {isa = PBXFileReference; lastKnownFileType = folder.assetcatalog; path = Assets.xcassets; sourceTree = "<group>"; };
		6D19D3E428074A9A00FA1799 /* Preview Assets.xcassets */ = {isa = PBXFileReference; lastKnownFileType = folder.assetcatalog; path = "Preview Assets.xcassets"; sourceTree = "<group>"; };
		6D19D3EC28074DF900FA1799 /* Animal.swift */ = {isa = PBXFileReference; fileEncoding = 4; lastKnownFileType = sourcecode.swift; path = Animal.swift; sourceTree = "<group>"; };
		6D19D3EE28074DFA00FA1799 /* AnimalListViewModel.swift */ = {isa = PBXFileReference; fileEncoding = 4; lastKnownFileType = sourcecode.swift; path = AnimalListViewModel.swift; sourceTree = "<group>"; };
		6D19D3EF28074DFA00FA1799 /* AnimalCellViewModel.swift */ = {isa = PBXFileReference; fileEncoding = 4; lastKnownFileType = sourcecode.swift; path = AnimalCellViewModel.swift; sourceTree = "<group>"; };
		6D19D3F128074DFB00FA1799 /* AnimalRepo.swift */ = {isa = PBXFileReference; fileEncoding = 4; lastKnownFileType = sourcecode.swift; path = AnimalRepo.swift; sourceTree = "<group>"; };
		6D19D3F328074DFC00FA1799 /* AnimalsList.swift */ = {isa = PBXFileReference; fileEncoding = 4; lastKnownFileType = sourcecode.swift; path = AnimalsList.swift; sourceTree = "<group>"; };
		6D19D3F428074DFC00FA1799 /* Home.swift */ = {isa = PBXFileReference; fileEncoding = 4; lastKnownFileType = sourcecode.swift; path = Home.swift; sourceTree = "<group>"; };
		6D19D3F728074DFC00FA1799 /* AnimalDetail.swift */ = {isa = PBXFileReference; fileEncoding = 4; lastKnownFileType = sourcecode.swift; path = AnimalDetail.swift; sourceTree = "<group>"; };
		6D19D40128074E8A00FA1799 /* GoogleService-Info.plist */ = {isa = PBXFileReference; fileEncoding = 4; lastKnownFileType = text.plist.xml; path = "GoogleService-Info.plist"; sourceTree = "<group>"; };
		6D19D4032807679100FA1799 /* Info.plist */ = {isa = PBXFileReference; lastKnownFileType = text.plist; path = Info.plist; sourceTree = "<group>"; };
		8B6D9EEE270E0EDB9356CD91 /* Pods_AnimalKingdom.framework */ = {isa = PBXFileReference; explicitFileType = wrapper.framework; includeInIndex = 0; path = Pods_AnimalKingdom.framework; sourceTree = BUILT_PRODUCTS_DIR; };
		DD0D17D08450F5F573780475 /* Pods-AnimalKingdom.release.xcconfig */ = {isa = PBXFileReference; includeInIndex = 1; lastKnownFileType = text.xcconfig; name = "Pods-AnimalKingdom.release.xcconfig"; path = "Target Support Files/Pods-AnimalKingdom/Pods-AnimalKingdom.release.xcconfig"; sourceTree = "<group>"; };
		F9661B0A2FCCF0A4896807E8 /* Pods-AnimalKingdom.debug.xcconfig */ = {isa = PBXFileReference; includeInIndex = 1; lastKnownFileType = text.xcconfig; name = "Pods-AnimalKingdom.debug.xcconfig"; path = "Target Support Files/Pods-AnimalKingdom/Pods-AnimalKingdom.debug.xcconfig"; sourceTree = "<group>"; };
/* End PBXFileReference section */

/* Begin PBXFrameworksBuildPhase section */
		6D19D3D728074A9700FA1799 /* Frameworks */ = {
			isa = PBXFrameworksBuildPhase;
			buildActionMask = 2147483647;
			files = (
				432B893673E8D20359C93075 /* Pods_AnimalKingdom.framework in Frameworks */,
			);
			runOnlyForDeploymentPostprocessing = 0;
		};
/* End PBXFrameworksBuildPhase section */

/* Begin PBXGroup section */
		5A528490272E1BCD0C772DE9 /* Pods */ = {
			isa = PBXGroup;
			children = (
				F9661B0A2FCCF0A4896807E8 /* Pods-AnimalKingdom.debug.xcconfig */,
				DD0D17D08450F5F573780475 /* Pods-AnimalKingdom.release.xcconfig */,
			);
			path = Pods;
			sourceTree = "<group>";
		};
		6D19D3D128074A9700FA1799 = {
			isa = PBXGroup;
			children = (
				6D19D3DC28074A9700FA1799 /* AnimalKingdom */,
				6D19D3DB28074A9700FA1799 /* Products */,
				5A528490272E1BCD0C772DE9 /* Pods */,
				76D3075EBF5844376A97BD7D /* Frameworks */,
			);
			sourceTree = "<group>";
		};
		6D19D3DB28074A9700FA1799 /* Products */ = {
			isa = PBXGroup;
			children = (
				6D19D3DA28074A9700FA1799 /* AnimalKingdom.app */,
			);
			name = Products;
			sourceTree = "<group>";
		};
		6D19D3DC28074A9700FA1799 /* AnimalKingdom */ = {
			isa = PBXGroup;
			children = (
				6D19D4032807679100FA1799 /* Info.plist */,
				6D19D40128074E8A00FA1799 /* GoogleService-Info.plist */,
				6D19D3EB28074DF900FA1799 /* Models */,
				6D19D3F028074DFB00FA1799 /* Repos */,
				6D19D3ED28074DFA00FA1799 /* ViewModels */,
				6D19D3F228074DFC00FA1799 /* Views */,
				6D19D3DD28074A9700FA1799 /* AnimalKingdomApp.swift */,
				6D19D3DF28074A9700FA1799 /* ContentView.swift */,
				6D19D3E128074A9A00FA1799 /* Assets.xcassets */,
				6D19D3E328074A9A00FA1799 /* Preview Content */,
			);
			path = AnimalKingdom;
			sourceTree = "<group>";
		};
		6D19D3E328074A9A00FA1799 /* Preview Content */ = {
			isa = PBXGroup;
			children = (
				6D19D3E428074A9A00FA1799 /* Preview Assets.xcassets */,
			);
			path = "Preview Content";
			sourceTree = "<group>";
		};
		6D19D3EB28074DF900FA1799 /* Models */ = {
			isa = PBXGroup;
			children = (
				6D19D3EC28074DF900FA1799 /* Animal.swift */,
			);
			path = Models;
			sourceTree = "<group>";
		};
		6D19D3ED28074DFA00FA1799 /* ViewModels */ = {
			isa = PBXGroup;
			children = (
				6D19D3EE28074DFA00FA1799 /* AnimalListViewModel.swift */,
				6D19D3EF28074DFA00FA1799 /* AnimalCellViewModel.swift */,
			);
			path = ViewModels;
			sourceTree = "<group>";
		};
		6D19D3F028074DFB00FA1799 /* Repos */ = {
			isa = PBXGroup;
			children = (
				6D19D3F128074DFB00FA1799 /* AnimalRepo.swift */,
			);
			path = Repos;
			sourceTree = "<group>";
		};
		6D19D3F228074DFC00FA1799 /* Views */ = {
			isa = PBXGroup;
			children = (
				6D19D3F328074DFC00FA1799 /* AnimalsList.swift */,
				6D19D3F428074DFC00FA1799 /* Home.swift */,
				6D19D3F728074DFC00FA1799 /* AnimalDetail.swift */,
			);
			path = Views;
			sourceTree = "<group>";
		};
		76D3075EBF5844376A97BD7D /* Frameworks */ = {
			isa = PBXGroup;
			children = (
				8B6D9EEE270E0EDB9356CD91 /* Pods_AnimalKingdom.framework */,
			);
			name = Frameworks;
			sourceTree = "<group>";
		};
/* End PBXGroup section */

/* Begin PBXNativeTarget section */
		6D19D3D928074A9700FA1799 /* AnimalKingdom */ = {
			isa = PBXNativeTarget;
			buildConfigurationList = 6D19D3E828074A9A00FA1799 /* Build configuration list for PBXNativeTarget "AnimalKingdom" */;
			buildPhases = (
				B9D9D4ED4E16BE746B4BC63C /* [CP] Check Pods Manifest.lock */,
				6D19D3D628074A9700FA1799 /* Sources */,
				6D19D3D728074A9700FA1799 /* Frameworks */,
				6D19D3D828074A9700FA1799 /* Resources */,
				BF5A561638D60368422800FF /* [CP] Embed Pods Frameworks */,
			);
			buildRules = (
			);
			dependencies = (
			);
			name = AnimalKingdom;
			productName = AnimalKingdom;
			productReference = 6D19D3DA28074A9700FA1799 /* AnimalKingdom.app */;
			productType = "com.apple.product-type.application";
		};
/* End PBXNativeTarget section */

/* Begin PBXProject section */
		6D19D3D228074A9700FA1799 /* Project object */ = {
			isa = PBXProject;
			attributes = {
				BuildIndependentTargetsInParallel = 1;
				LastSwiftUpdateCheck = 1330;
				LastUpgradeCheck = 1330;
				TargetAttributes = {
					6D19D3D928074A9700FA1799 = {
						CreatedOnToolsVersion = 13.3;
					};
				};
			};
			buildConfigurationList = 6D19D3D528074A9700FA1799 /* Build configuration list for PBXProject "AnimalKingdom" */;
			compatibilityVersion = "Xcode 13.0";
			developmentRegion = en;
			hasScannedForEncodings = 0;
			knownRegions = (
				en,
				Base,
			);
			mainGroup = 6D19D3D128074A9700FA1799;
			productRefGroup = 6D19D3DB28074A9700FA1799 /* Products */;
			projectDirPath = "";
			projectRoot = "";
			targets = (
				6D19D3D928074A9700FA1799 /* AnimalKingdom */,
			);
		};
/* End PBXProject section */

/* Begin PBXResourcesBuildPhase section */
		6D19D3D828074A9700FA1799 /* Resources */ = {
			isa = PBXResourcesBuildPhase;
			buildActionMask = 2147483647;
			files = (
				6D19D3E528074A9A00FA1799 /* Preview Assets.xcassets in Resources */,
				6D19D3E228074A9A00FA1799 /* Assets.xcassets in Resources */,
				6D19D40228074E8A00FA1799 /* GoogleService-Info.plist in Resources */,
			);
			runOnlyForDeploymentPostprocessing = 0;
		};
/* End PBXResourcesBuildPhase section */

/* Begin PBXShellScriptBuildPhase section */
		B9D9D4ED4E16BE746B4BC63C /* [CP] Check Pods Manifest.lock */ = {
			isa = PBXShellScriptBuildPhase;
			buildActionMask = 2147483647;
			files = (
			);
			inputFileListPaths = (
			);
			inputPaths = (
				"${PODS_PODFILE_DIR_PATH}/Podfile.lock",
				"${PODS_ROOT}/Manifest.lock",
			);
			name = "[CP] Check Pods Manifest.lock";
			outputFileListPaths = (
			);
			outputPaths = (
				"$(DERIVED_FILE_DIR)/Pods-AnimalKingdom-checkManifestLockResult.txt",
			);
			runOnlyForDeploymentPostprocessing = 0;
			shellPath = /bin/sh;
			shellScript = "diff \"${PODS_PODFILE_DIR_PATH}/Podfile.lock\" \"${PODS_ROOT}/Manifest.lock\" > /dev/null\nif [ $? != 0 ] ; then\n    # print error to STDERR\n    echo \"error: The sandbox is not in sync with the Podfile.lock. Run 'pod install' or update your CocoaPods installation.\" >&2\n    exit 1\nfi\n# This output is used by Xcode 'outputs' to avoid re-running this script phase.\necho \"SUCCESS\" > \"${SCRIPT_OUTPUT_FILE_0}\"\n";
			showEnvVarsInLog = 0;
		};
		BF5A561638D60368422800FF /* [CP] Embed Pods Frameworks */ = {
			isa = PBXShellScriptBuildPhase;
			buildActionMask = 2147483647;
			files = (
			);
			inputFileListPaths = (
				"${PODS_ROOT}/Target Support Files/Pods-AnimalKingdom/Pods-AnimalKingdom-frameworks-${CONFIGURATION}-input-files.xcfilelist",
			);
			name = "[CP] Embed Pods Frameworks";
			outputFileListPaths = (
				"${PODS_ROOT}/Target Support Files/Pods-AnimalKingdom/Pods-AnimalKingdom-frameworks-${CONFIGURATION}-output-files.xcfilelist",
			);
			runOnlyForDeploymentPostprocessing = 0;
			shellPath = /bin/sh;
			shellScript = "\"${PODS_ROOT}/Target Support Files/Pods-AnimalKingdom/Pods-AnimalKingdom-frameworks.sh\"\n";
			showEnvVarsInLog = 0;
		};
/* End PBXShellScriptBuildPhase section */

/* Begin PBXSourcesBuildPhase section */
		6D19D3D628074A9700FA1799 /* Sources */ = {
			isa = PBXSourcesBuildPhase;
			buildActionMask = 2147483647;
			files = (
				6D19D40028074DFC00FA1799 /* AnimalDetail.swift in Sources */,
				6D19D3F928074DFC00FA1799 /* AnimalListViewModel.swift in Sources */,
				6D19D3E028074A9700FA1799 /* ContentView.swift in Sources */,
				6D19D3FA28074DFC00FA1799 /* AnimalCellViewModel.swift in Sources */,
				6D19D3DE28074A9700FA1799 /* AnimalKingdomApp.swift in Sources */,
				6D19D3FC28074DFC00FA1799 /* AnimalsList.swift in Sources */,
				6D19D3F828074DFC00FA1799 /* Animal.swift in Sources */,
				6D19D3FD28074DFC00FA1799 /* Home.swift in Sources */,
				6D19D3FB28074DFC00FA1799 /* AnimalRepo.swift in Sources */,
			);
			runOnlyForDeploymentPostprocessing = 0;
		};
/* End PBXSourcesBuildPhase section */

/* Begin XCBuildConfiguration section */
		6D19D3E628074A9A00FA1799 /* Debug */ = {
			isa = XCBuildConfiguration;
			buildSettings = {
				ALWAYS_SEARCH_USER_PATHS = NO;
				CLANG_ANALYZER_NONNULL = YES;
				CLANG_ANALYZER_NUMBER_OBJECT_CONVERSION = YES_AGGRESSIVE;
				CLANG_CXX_LANGUAGE_STANDARD = "gnu++17";
				CLANG_ENABLE_MODULES = YES;
				CLANG_ENABLE_OBJC_ARC = YES;
				CLANG_ENABLE_OBJC_WEAK = YES;
				CLANG_WARN_BLOCK_CAPTURE_AUTORELEASING = YES;
				CLANG_WARN_BOOL_CONVERSION = YES;
				CLANG_WARN_COMMA = YES;
				CLANG_WARN_CONSTANT_CONVERSION = YES;
				CLANG_WARN_DEPRECATED_OBJC_IMPLEMENTATIONS = YES;
				CLANG_WARN_DIRECT_OBJC_ISA_USAGE = YES_ERROR;
				CLANG_WARN_DOCUMENTATION_COMMENTS = YES;
				CLANG_WARN_EMPTY_BODY = YES;
				CLANG_WARN_ENUM_CONVERSION = YES;
				CLANG_WARN_INFINITE_RECURSION = YES;
				CLANG_WARN_INT_CONVERSION = YES;
				CLANG_WARN_NON_LITERAL_NULL_CONVERSION = YES;
				CLANG_WARN_OBJC_IMPLICIT_RETAIN_SELF = YES;
				CLANG_WARN_OBJC_LITERAL_CONVERSION = YES;
				CLANG_WARN_OBJC_ROOT_CLASS = YES_ERROR;
				CLANG_WARN_QUOTED_INCLUDE_IN_FRAMEWORK_HEADER = YES;
				CLANG_WARN_RANGE_LOOP_ANALYSIS = YES;
				CLANG_WARN_STRICT_PROTOTYPES = YES;
				CLANG_WARN_SUSPICIOUS_MOVE = YES;
				CLANG_WARN_UNGUARDED_AVAILABILITY = YES_AGGRESSIVE;
				CLANG_WARN_UNREACHABLE_CODE = YES;
				CLANG_WARN__DUPLICATE_METHOD_MATCH = YES;
				COPY_PHASE_STRIP = NO;
				DEBUG_INFORMATION_FORMAT = dwarf;
				ENABLE_STRICT_OBJC_MSGSEND = YES;
				ENABLE_TESTABILITY = YES;
				GCC_C_LANGUAGE_STANDARD = gnu11;
				GCC_DYNAMIC_NO_PIC = NO;
				GCC_NO_COMMON_BLOCKS = YES;
				GCC_OPTIMIZATION_LEVEL = 0;
				GCC_PREPROCESSOR_DEFINITIONS = (
					"DEBUG=1",
					"$(inherited)",
				);
				GCC_WARN_64_TO_32_BIT_CONVERSION = YES;
				GCC_WARN_ABOUT_RETURN_TYPE = YES_ERROR;
				GCC_WARN_UNDECLARED_SELECTOR = YES;
				GCC_WARN_UNINITIALIZED_AUTOS = YES_AGGRESSIVE;
				GCC_WARN_UNUSED_FUNCTION = YES;
				GCC_WARN_UNUSED_VARIABLE = YES;
				IPHONEOS_DEPLOYMENT_TARGET = 15.4;
				MTL_ENABLE_DEBUG_INFO = INCLUDE_SOURCE;
				MTL_FAST_MATH = YES;
				ONLY_ACTIVE_ARCH = YES;
				SDKROOT = iphoneos;
				SWIFT_ACTIVE_COMPILATION_CONDITIONS = DEBUG;
				SWIFT_OPTIMIZATION_LEVEL = "-Onone";
			};
			name = Debug;
		};
		6D19D3E728074A9A00FA1799 /* Release */ = {
			isa = XCBuildConfiguration;
			buildSettings = {
				ALWAYS_SEARCH_USER_PATHS = NO;
				CLANG_ANALYZER_NONNULL = YES;
				CLANG_ANALYZER_NUMBER_OBJECT_CONVERSION = YES_AGGRESSIVE;
				CLANG_CXX_LANGUAGE_STANDARD = "gnu++17";
				CLANG_ENABLE_MODULES = YES;
				CLANG_ENABLE_OBJC_ARC = YES;
				CLANG_ENABLE_OBJC_WEAK = YES;
				CLANG_WARN_BLOCK_CAPTURE_AUTORELEASING = YES;
				CLANG_WARN_BOOL_CONVERSION = YES;
				CLANG_WARN_COMMA = YES;
				CLANG_WARN_CONSTANT_CONVERSION = YES;
				CLANG_WARN_DEPRECATED_OBJC_IMPLEMENTATIONS = YES;
				CLANG_WARN_DIRECT_OBJC_ISA_USAGE = YES_ERROR;
				CLANG_WARN_DOCUMENTATION_COMMENTS = YES;
				CLANG_WARN_EMPTY_BODY = YES;
				CLANG_WARN_ENUM_CONVERSION = YES;
				CLANG_WARN_INFINITE_RECURSION = YES;
				CLANG_WARN_INT_CONVERSION = YES;
				CLANG_WARN_NON_LITERAL_NULL_CONVERSION = YES;
				CLANG_WARN_OBJC_IMPLICIT_RETAIN_SELF = YES;
				CLANG_WARN_OBJC_LITERAL_CONVERSION = YES;
				CLANG_WARN_OBJC_ROOT_CLASS = YES_ERROR;
				CLANG_WARN_QUOTED_INCLUDE_IN_FRAMEWORK_HEADER = YES;
				CLANG_WARN_RANGE_LOOP_ANALYSIS = YES;
				CLANG_WARN_STRICT_PROTOTYPES = YES;
				CLANG_WARN_SUSPICIOUS_MOVE = YES;
				CLANG_WARN_UNGUARDED_AVAILABILITY = YES_AGGRESSIVE;
				CLANG_WARN_UNREACHABLE_CODE = YES;
				CLANG_WARN__DUPLICATE_METHOD_MATCH = YES;
				COPY_PHASE_STRIP = NO;
				DEBUG_INFORMATION_FORMAT = "dwarf-with-dsym";
				ENABLE_NS_ASSERTIONS = NO;
				ENABLE_STRICT_OBJC_MSGSEND = YES;
				GCC_C_LANGUAGE_STANDARD = gnu11;
				GCC_NO_COMMON_BLOCKS = YES;
				GCC_WARN_64_TO_32_BIT_CONVERSION = YES;
				GCC_WARN_ABOUT_RETURN_TYPE = YES_ERROR;
				GCC_WARN_UNDECLARED_SELECTOR = YES;
				GCC_WARN_UNINITIALIZED_AUTOS = YES_AGGRESSIVE;
				GCC_WARN_UNUSED_FUNCTION = YES;
				GCC_WARN_UNUSED_VARIABLE = YES;
				IPHONEOS_DEPLOYMENT_TARGET = 15.4;
				MTL_ENABLE_DEBUG_INFO = NO;
				MTL_FAST_MATH = YES;
				SDKROOT = iphoneos;
				SWIFT_COMPILATION_MODE = wholemodule;
				SWIFT_OPTIMIZATION_LEVEL = "-O";
				VALIDATE_PRODUCT = YES;
			};
			name = Release;
		};
		6D19D3E928074A9A00FA1799 /* Debug */ = {
			isa = XCBuildConfiguration;
			baseConfigurationReference = F9661B0A2FCCF0A4896807E8 /* Pods-AnimalKingdom.debug.xcconfig */;
			buildSettings = {
				ASSETCATALOG_COMPILER_APPICON_NAME = AppIcon;
				ASSETCATALOG_COMPILER_GLOBAL_ACCENT_COLOR_NAME = AccentColor;
				CODE_SIGN_STYLE = Automatic;
				CURRENT_PROJECT_VERSION = 1;
				DEVELOPMENT_ASSET_PATHS = "\"AnimalKingdom/Preview Content\"";
				ENABLE_PREVIEWS = YES;
				GENERATE_INFOPLIST_FILE = YES;
				INFOPLIST_FILE = AnimalKingdom/Info.plist;
				INFOPLIST_KEY_UIApplicationSceneManifest_Generation = YES;
				INFOPLIST_KEY_UIApplicationSupportsIndirectInputEvents = YES;
				INFOPLIST_KEY_UILaunchScreen_Generation = YES;
				INFOPLIST_KEY_UISupportedInterfaceOrientations_iPad = "UIInterfaceOrientationPortrait UIInterfaceOrientationPortraitUpsideDown UIInterfaceOrientationLandscapeLeft UIInterfaceOrientationLandscapeRight";
				INFOPLIST_KEY_UISupportedInterfaceOrientations_iPhone = "UIInterfaceOrientationPortrait UIInterfaceOrientationLandscapeLeft UIInterfaceOrientationLandscapeRight";
				LD_RUNPATH_SEARCH_PATHS = (
					"$(inherited)",
					"@executable_path/Frameworks",
				);
				MARKETING_VERSION = 1.0;
				PRODUCT_BUNDLE_IDENTIFIER = com.internship.AnimalKingdom;
				PRODUCT_NAME = "$(TARGET_NAME)";
				SWIFT_EMIT_LOC_STRINGS = YES;
				SWIFT_VERSION = 5.0;
				TARGETED_DEVICE_FAMILY = "1,2";
			};
			name = Debug;
		};
		6D19D3EA28074A9A00FA1799 /* Release */ = {
			isa = XCBuildConfiguration;
			baseConfigurationReference = DD0D17D08450F5F573780475 /* Pods-AnimalKingdom.release.xcconfig */;
			buildSettings = {
				ASSETCATALOG_COMPILER_APPICON_NAME = AppIcon;
				ASSETCATALOG_COMPILER_GLOBAL_ACCENT_COLOR_NAME = AccentColor;
				CODE_SIGN_STYLE = Automatic;
				CURRENT_PROJECT_VERSION = 1;
				DEVELOPMENT_ASSET_PATHS = "\"AnimalKingdom/Preview Content\"";
				ENABLE_PREVIEWS = YES;
				GENERATE_INFOPLIST_FILE = YES;
				INFOPLIST_FILE = AnimalKingdom/Info.plist;
				INFOPLIST_KEY_UIApplicationSceneManifest_Generation = YES;
				INFOPLIST_KEY_UIApplicationSupportsIndirectInputEvents = YES;
				INFOPLIST_KEY_UILaunchScreen_Generation = YES;
				INFOPLIST_KEY_UISupportedInterfaceOrientations_iPad = "UIInterfaceOrientationPortrait UIInterfaceOrientationPortraitUpsideDown UIInterfaceOrientationLandscapeLeft UIInterfaceOrientationLandscapeRight";
				INFOPLIST_KEY_UISupportedInterfaceOrientations_iPhone = "UIInterfaceOrientationPortrait UIInterfaceOrientationLandscapeLeft UIInterfaceOrientationLandscapeRight";
				LD_RUNPATH_SEARCH_PATHS = (
					"$(inherited)",
					"@executable_path/Frameworks",
				);
				MARKETING_VERSION = 1.0;
				PRODUCT_BUNDLE_IDENTIFIER = com.internship.AnimalKingdom;
				PRODUCT_NAME = "$(TARGET_NAME)";
				SWIFT_EMIT_LOC_STRINGS = YES;
				SWIFT_VERSION = 5.0;
				TARGETED_DEVICE_FAMILY = "1,2";
			};
			name = Release;
		};
/* End XCBuildConfiguration section */

/* Begin XCConfigurationList section */
		6D19D3D528074A9700FA1799 /* Build configuration list for PBXProject "AnimalKingdom" */ = {
			isa = XCConfigurationList;
			buildConfigurations = (
				6D19D3E628074A9A00FA1799 /* Debug */,
				6D19D3E728074A9A00FA1799 /* Release */,
			);
			defaultConfigurationIsVisible = 0;
			defaultConfigurationName = Release;
		};
		6D19D3E828074A9A00FA1799 /* Build configuration list for PBXNativeTarget "AnimalKingdom" */ = {
			isa = XCConfigurationList;
			buildConfigurations = (
				6D19D3E928074A9A00FA1799 /* Debug */,
				6D19D3EA28074A9A00FA1799 /* Release */,
			);
			defaultConfigurationIsVisible = 0;
			defaultConfigurationName = Release;
		};
/* End XCConfigurationList section */
	};
	rootObject = 6D19D3D228074A9700FA1799 /* Project object */;
}
